
Microsoft Visual Studio Solution File, Format Version 12.00
# Visual Studio Version 17
VisualStudioVersion = 17.14.36429.23
MinimumVisualStudioVersion = 10.0.40219.1
Project("{2150E333-8FDC-42A3-9474-1A3956D46DE8}") = "Task0", "Task0", "{02EA681E-C7D8-13C7-8484-4AC65E1B71E8}"
EndProject
Project("{FAE04EC0-301F-11D3-BF4B-00C04F79EFBC}") = "Tyuiu.ZavyalovKA.Sprint2.Task0.V15", "Tyuiu.ZavyalovKA.Sprint2.Task0.V15\Tyuiu.ZavyalovKA.Sprint2.Task0.V15.csproj", "{4A8B554E-3688-45BA-A5D4-9A9DE0D53CEC}"
EndProject
Project("{FAE04EC0-301F-11D3-BF4B-00C04F79EFBC}") = "Tyuiu.ZavyalovKA.Sprint2.Task0.V15.Lib", "Tyuiu.ZavyalovKA.Sprint2.Task0.V15.Lib\Tyuiu.ZavyalovKA.Sprint2.Task0.V15.Lib.csproj", "{74A04C06-D6AF-47AD-AFAE-C54279F4FC9A}"
EndProject
Project("{FAE04EC0-301F-11D3-BF4B-00C04F79EFBC}") = "Tyuiu.ZavyalovKA.Sprint2.Task0.V15.Test", "Tyuiu.ZavyalovKA.Sprint2.Task0.V15.Test\Tyuiu.ZavyalovKA.Sprint2.Task0.V15.Test.csproj", "{75B63D97-850F-4B22-BC18-0DDAAA67E1DB}"
EndProject
Global
	GlobalSection(SolutionConfigurationPlatforms) = preSolution
		Debug|Any CPU = Debug|Any CPU
		Release|Any CPU = Release|Any CPU
	EndGlobalSection
	GlobalSection(ProjectConfigurationPlatforms) = postSolution
		{4A8B554E-3688-45BA-A5D4-9A9DE0D53CEC}.Debug|Any CPU.ActiveCfg = Debug|Any CPU
		{4A8B554E-3688-45BA-A5D4-9A9DE0D53CEC}.Debug|Any CPU.Build.0 = Debug|Any CPU
		{4A8B554E-3688-45BA-A5D4-9A9DE0D53CEC}.Release|Any CPU.ActiveCfg = Release|Any CPU
		{4A8B554E-3688-45BA-A5D4-9A9DE0D53CEC}.Release|Any CPU.Build.0 = Release|Any CPU
		{74A04C06-D6AF-47AD-AFAE-C54279F4FC9A}.Debug|Any CPU.ActiveCfg = Debug|Any CPU
		{74A04C06-D6AF-47AD-AFAE-C54279F4FC9A}.Debug|Any CPU.Build.0 = Debug|Any CPU
		{74A04C06-D6AF-47AD-AFAE-C54279F4FC9A}.Release|Any CPU.ActiveCfg = Release|Any CPU
		{74A04C06-D6AF-47AD-AFAE-C54279F4FC9A}.Release|Any CPU.Build.0 = Release|Any CPU
		{75B63D97-850F-4B22-BC18-0DDAAA67E1DB}.Debug|Any CPU.ActiveCfg = Debug|Any CPU
		{75B63D97-850F-4B22-BC18-0DDAAA67E1DB}.Debug|Any CPU.Build.0 = Debug|Any CPU
		{75B63D97-850F-4B22-BC18-0DDAAA67E1DB}.Release|Any CPU.ActiveCfg = Release|Any CPU
		{75B63D97-850F-4B22-BC18-0DDAAA67E1DB}.Release|Any CPU.Build.0 = Release|Any CPU
	EndGlobalSection
	GlobalSection(SolutionProperties) = preSolution
		HideSolutionNode = FALSE
	EndGlobalSection
	GlobalSection(NestedProjects) = preSolution
		{4A8B554E-3688-45BA-A5D4-9A9DE0D53CEC} = {02EA681E-C7D8-13C7-8484-4AC65E1B71E8}
		{74A04C06-D6AF-47AD-AFAE-C54279F4FC9A} = {02EA681E-C7D8-13C7-8484-4AC65E1B71E8}
		{75B63D97-850F-4B22-BC18-0DDAAA67E1DB} = {02EA681E-C7D8-13C7-8484-4AC65E1B71E8}
	EndGlobalSection
	GlobalSection(ExtensibilityGlobals) = postSolution
		SolutionGuid = {64C15417-1AFC-4F28-A07D-6951D169D303}
	EndGlobalSection
EndGlobal
