
Microsoft Visual Studio Solution File, Format Version 12.00
# Visual Studio Version 17
VisualStudioVersion = 17.14.36429.23 d17.14
MinimumVisualStudioVersion = 10.0.40219.1
Project("{FAE04EC0-301F-11D3-BF4B-00C04F79EFBC}") = "Tyuiu.ZavyalovKA.Sprint2.Task0.V15", "Tyuiu.ZavyalovKA.Sprint2.Task0.V15\Tyuiu.ZavyalovKA.Sprint2.Task0.V15.csproj", "{06426137-EF6F-481E-94C7-BB78ACA065F2}"
EndProject
Project("{FAE04EC0-301F-11D3-BF4B-00C04F79EFBC}") = "Tyuiu.ZavyalovKA.Sprint2.Task0.V15.Lib", "Tyuiu.ZavyalovKA.Sprint2.Task0.V15.Lib\Tyuiu.ZavyalovKA.Sprint2.Task0.V15.Lib.csproj", "{A285B093-67ED-44D1-BCDC-A89A5282B14F}"
EndProject
Project("{FAE04EC0-301F-11D3-BF4B-00C04F79EFBC}") = "Tyuiu.ZavyalovKA.Sprint2.Task0.V15.Test", "Tyuiu.ZavyalovKA.Sprint2.Task0.V15.Test\Tyuiu.ZavyalovKA.Sprint2.Task0.V15.Test.csproj", "{B72383CD-4E56-4744-99F4-C875E85672ED}"
EndProject
Project("{2150E333-8FDC-42A3-9474-1A3956D46DE8}") = "Task0", "Task0", "{02EA681E-C7D8-13C7-8484-4AC65E1B71E8}"
EndProject
Global
	GlobalSection(SolutionConfigurationPlatforms) = preSolution
		Debug|Any CPU = Debug|Any CPU
		Release|Any CPU = Release|Any CPU
	EndGlobalSection
	GlobalSection(ProjectConfigurationPlatforms) = postSolution
		{06426137-EF6F-481E-94C7-BB78ACA065F2}.Debug|Any CPU.ActiveCfg = Debug|Any CPU
		{06426137-EF6F-481E-94C7-BB78ACA065F2}.Debug|Any CPU.Build.0 = Debug|Any CPU
		{06426137-EF6F-481E-94C7-BB78ACA065F2}.Release|Any CPU.ActiveCfg = Release|Any CPU
		{06426137-EF6F-481E-94C7-BB78ACA065F2}.Release|Any CPU.Build.0 = Release|Any CPU
		{A285B093-67ED-44D1-BCDC-A89A5282B14F}.Debug|Any CPU.ActiveCfg = Debug|Any CPU
		{A285B093-67ED-44D1-BCDC-A89A5282B14F}.Debug|Any CPU.Build.0 = Debug|Any CPU
		{A285B093-67ED-44D1-BCDC-A89A5282B14F}.Release|Any CPU.ActiveCfg = Release|Any CPU
		{A285B093-67ED-44D1-BCDC-A89A5282B14F}.Release|Any CPU.Build.0 = Release|Any CPU
		{B72383CD-4E56-4744-99F4-C875E85672ED}.Debug|Any CPU.ActiveCfg = Debug|Any CPU
		{B72383CD-4E56-4744-99F4-C875E85672ED}.Debug|Any CPU.Build.0 = Debug|Any CPU
		{B72383CD-4E56-4744-99F4-C875E85672ED}.Release|Any CPU.ActiveCfg = Release|Any CPU
		{B72383CD-4E56-4744-99F4-C875E85672ED}.Release|Any CPU.Build.0 = Release|Any CPU
	EndGlobalSection
	GlobalSection(SolutionProperties) = preSolution
		HideSolutionNode = FALSE
	EndGlobalSection
	GlobalSection(NestedProjects) = preSolution
		{06426137-EF6F-481E-94C7-BB78ACA065F2} = {02EA681E-C7D8-13C7-8484-4AC65E1B71E8}
		{A285B093-67ED-44D1-BCDC-A89A5282B14F} = {02EA681E-C7D8-13C7-8484-4AC65E1B71E8}
		{B72383CD-4E56-4744-99F4-C875E85672ED} = {02EA681E-C7D8-13C7-8484-4AC65E1B71E8}
	EndGlobalSection
	GlobalSection(ExtensibilityGlobals) = postSolution
		SolutionGuid = {64C15417-1AFC-4F28-A07D-6951D169D303}
	EndGlobalSection
EndGlobal
